
Microsoft Visual Studio Solution File, Format Version 12.00
# Visual Studio Version 17
VisualStudioVersion = 17.3.32929.385
MinimumVisualStudioVersion = 10.0.40219.1
Project("{FAE04EC0-301F-11D3-BF4B-00C04F79EFBC}") = "ASP_Razor_Contoso", "ASP_Razor_Contoso\ASP_Razor_Contoso.csproj", "{F24851E5-5078-4F00-A229-0B1FF551BEE3}"
EndProject
Global
	GlobalSection(SolutionConfigurationPlatforms) = preSolution
		Debug|Any CPU = Debug|Any CPU
		Release|Any CPU = Release|Any CPU
	EndGlobalSection
	GlobalSection(ProjectConfigurationPlatforms) = postSolution
		{F24851E5-5078-4F00-A229-0B1FF551BEE3}.Debug|Any CPU.ActiveCfg = Debug|Any CPU
		{F24851E5-5078-4F00-A229-0B1FF551BEE3}.Debug|Any CPU.Build.0 = Debug|Any CPU
		{F24851E5-5078-4F00-A229-0B1FF551BEE3}.Release|Any CPU.ActiveCfg = Release|Any CPU
		{F24851E5-5078-4F00-A229-0B1FF551BEE3}.Release|Any CPU.Build.0 = Release|Any CPU
	EndGlobalSection
	GlobalSection(SolutionProperties) = preSolution
		HideSolutionNode = FALSE
	EndGlobalSection
	GlobalSection(ExtensibilityGlobals) = postSolution
		SolutionGuid = {633BC6E8-376D-4674-8373-B11B55AC5C5C}
	EndGlobalSection
EndGlobal
